
Microsoft Visual Studio Solution File, Format Version 12.00
# Visual Studio Version 17
VisualStudioVersion = 17.4.33213.308
MinimumVisualStudioVersion = 10.0.40219.1
Project("{9A19103F-16F7-4668-BE54-9A1E7A4F7556}") = "PermitPequests.Api", "PermitPequests.Api\PermitPequests.Api.csproj", "{D306B7AA-A4CE-4469-9C0D-5F1EFE1F0735}"
EndProject
Project("{9A19103F-16F7-4668-BE54-9A1E7A4F7556}") = "PermitPequests.Infraestructure", "PermitPequests.Infraestructure\PermitPequests.Infraestructure.csproj", "{6044DA2D-011A-47AF-B193-90193262175A}"
EndProject
Project("{9A19103F-16F7-4668-BE54-9A1E7A4F7556}") = "PermitPequests.Domain", "PermitPequests.Domain\PermitPequests.Domain.csproj", "{02CAA44B-87CA-454D-94CC-E138FA3A788F}"
EndProject
Project("{9A19103F-16F7-4668-BE54-9A1E7A4F7556}") = "PermitPequests.Application", "PermitPequests.Application\PermitPequests.Application.csproj", "{7E79C7EF-725D-4EB2-BA73-5E27E37019F0}"
EndProject
Project("{FAE04EC0-301F-11D3-BF4B-00C04F79EFBC}") = "PermitPaquests.Test", "PermitPaquests.Test\PermitPaquests.Test.csproj", "{94A5DEB1-D6BE-4518-A20F-9F87145601A1}"
EndProject
Global
	GlobalSection(SolutionConfigurationPlatforms) = preSolution
		Debug|Any CPU = Debug|Any CPU
		Release|Any CPU = Release|Any CPU
	EndGlobalSection
	GlobalSection(ProjectConfigurationPlatforms) = postSolution
		{D306B7AA-A4CE-4469-9C0D-5F1EFE1F0735}.Debug|Any CPU.ActiveCfg = Debug|Any CPU
		{D306B7AA-A4CE-4469-9C0D-5F1EFE1F0735}.Debug|Any CPU.Build.0 = Debug|Any CPU
		{D306B7AA-A4CE-4469-9C0D-5F1EFE1F0735}.Release|Any CPU.ActiveCfg = Release|Any CPU
		{D306B7AA-A4CE-4469-9C0D-5F1EFE1F0735}.Release|Any CPU.Build.0 = Release|Any CPU
		{6044DA2D-011A-47AF-B193-90193262175A}.Debug|Any CPU.ActiveCfg = Debug|Any CPU
		{6044DA2D-011A-47AF-B193-90193262175A}.Debug|Any CPU.Build.0 = Debug|Any CPU
		{6044DA2D-011A-47AF-B193-90193262175A}.Release|Any CPU.ActiveCfg = Release|Any CPU
		{6044DA2D-011A-47AF-B193-90193262175A}.Release|Any CPU.Build.0 = Release|Any CPU
		{02CAA44B-87CA-454D-94CC-E138FA3A788F}.Debug|Any CPU.ActiveCfg = Debug|Any CPU
		{02CAA44B-87CA-454D-94CC-E138FA3A788F}.Debug|Any CPU.Build.0 = Debug|Any CPU
		{02CAA44B-87CA-454D-94CC-E138FA3A788F}.Release|Any CPU.ActiveCfg = Release|Any CPU
		{02CAA44B-87CA-454D-94CC-E138FA3A788F}.Release|Any CPU.Build.0 = Release|Any CPU
		{7E79C7EF-725D-4EB2-BA73-5E27E37019F0}.Debug|Any CPU.ActiveCfg = Debug|Any CPU
		{7E79C7EF-725D-4EB2-BA73-5E27E37019F0}.Debug|Any CPU.Build.0 = Debug|Any CPU
		{7E79C7EF-725D-4EB2-BA73-5E27E37019F0}.Release|Any CPU.ActiveCfg = Release|Any CPU
		{7E79C7EF-725D-4EB2-BA73-5E27E37019F0}.Release|Any CPU.Build.0 = Release|Any CPU
		{94A5DEB1-D6BE-4518-A20F-9F87145601A1}.Debug|Any CPU.ActiveCfg = Debug|Any CPU
		{94A5DEB1-D6BE-4518-A20F-9F87145601A1}.Debug|Any CPU.Build.0 = Debug|Any CPU
		{94A5DEB1-D6BE-4518-A20F-9F87145601A1}.Release|Any CPU.ActiveCfg = Release|Any CPU
		{94A5DEB1-D6BE-4518-A20F-9F87145601A1}.Release|Any CPU.Build.0 = Release|Any CPU
	EndGlobalSection
	GlobalSection(SolutionProperties) = preSolution
		HideSolutionNode = FALSE
	EndGlobalSection
	GlobalSection(ExtensibilityGlobals) = postSolution
		SolutionGuid = {EBDF81D8-217A-4C7C-B341-79F9A3A37424}
	EndGlobalSection
EndGlobal
